
Microsoft Visual Studio Solution File, Format Version 12.00
# Visual Studio Version 16
VisualStudioVersion = 16.0.29403.142
MinimumVisualStudioVersion = 10.0.40219.1
Project("{9A19103F-16F7-4668-BE54-9A1E7A4F7556}") = "ZoesBlog", "ZoesBlog\ZoesBlog.csproj", "{6ED996AD-4E70-495D-A54E-70B6BEF1416D}"
EndProject
Project("{2150E333-8FDC-42A3-9474-1A3956D46DE8}") = "tests", "tests", "{8C480071-3707-46AB-9850-96424B137C21}"
EndProject
Project("{9A19103F-16F7-4668-BE54-9A1E7A4F7556}") = "ZoesBlog.Tests.Intergration", "ZoesBlog.Tests.Intergration\ZoesBlog.Tests.Intergration.csproj", "{405B2381-B223-4BE6-AEC3-753EF6B60F94}"
EndProject
Project("{FAE04EC0-301F-11D3-BF4B-00C04F79EFBC}") = "ZoesBlog.Seeder", "ZoesBlog.Seeder\ZoesBlog.Seeder.csproj", "{F7B093A5-8C07-4321-B9AB-2DCB1D895D6B}"
EndProject
Global
	GlobalSection(SolutionConfigurationPlatforms) = preSolution
		Debug|Any CPU = Debug|Any CPU
		Release|Any CPU = Release|Any CPU
	EndGlobalSection
	GlobalSection(ProjectConfigurationPlatforms) = postSolution
		{6ED996AD-4E70-495D-A54E-70B6BEF1416D}.Debug|Any CPU.ActiveCfg = Debug|Any CPU
		{6ED996AD-4E70-495D-A54E-70B6BEF1416D}.Debug|Any CPU.Build.0 = Debug|Any CPU
		{6ED996AD-4E70-495D-A54E-70B6BEF1416D}.Release|Any CPU.ActiveCfg = Release|Any CPU
		{6ED996AD-4E70-495D-A54E-70B6BEF1416D}.Release|Any CPU.Build.0 = Release|Any CPU
		{405B2381-B223-4BE6-AEC3-753EF6B60F94}.Debug|Any CPU.ActiveCfg = Debug|Any CPU
		{405B2381-B223-4BE6-AEC3-753EF6B60F94}.Debug|Any CPU.Build.0 = Debug|Any CPU
		{405B2381-B223-4BE6-AEC3-753EF6B60F94}.Release|Any CPU.ActiveCfg = Release|Any CPU
		{405B2381-B223-4BE6-AEC3-753EF6B60F94}.Release|Any CPU.Build.0 = Release|Any CPU
		{F7B093A5-8C07-4321-B9AB-2DCB1D895D6B}.Debug|Any CPU.ActiveCfg = Debug|Any CPU
		{F7B093A5-8C07-4321-B9AB-2DCB1D895D6B}.Debug|Any CPU.Build.0 = Debug|Any CPU
		{F7B093A5-8C07-4321-B9AB-2DCB1D895D6B}.Release|Any CPU.ActiveCfg = Release|Any CPU
		{F7B093A5-8C07-4321-B9AB-2DCB1D895D6B}.Release|Any CPU.Build.0 = Release|Any CPU
	EndGlobalSection
	GlobalSection(SolutionProperties) = preSolution
		HideSolutionNode = FALSE
	EndGlobalSection
	GlobalSection(NestedProjects) = preSolution
		{405B2381-B223-4BE6-AEC3-753EF6B60F94} = {8C480071-3707-46AB-9850-96424B137C21}
	EndGlobalSection
	GlobalSection(ExtensibilityGlobals) = postSolution
		SolutionGuid = {B9C8C32F-B251-4A8B-9C66-2293633A4C4D}
	EndGlobalSection
EndGlobal
